
Microsoft Visual Studio Solution File, Format Version 12.00
# Visual Studio 15
VisualStudioVersion = 15.0.28307.852
MinimumVisualStudioVersion = 10.0.40219.1
Project("{FAE04EC0-301F-11D3-BF4B-00C04F79EFBC}") = "FindGuidFinder", "FindGuidFinder\FindGuidFinder.csproj", "{13B8221D-B059-4CEA-A4BE-B0F80577B69B}"
EndProject
Global
	GlobalSection(SolutionConfigurationPlatforms) = preSolution
		Debug|Any CPU = Debug|Any CPU
		Release|Any CPU = Release|Any CPU
	EndGlobalSection
	GlobalSection(ProjectConfigurationPlatforms) = postSolution
		{13B8221D-B059-4CEA-A4BE-B0F80577B69B}.Debug|Any CPU.ActiveCfg = Debug|Any CPU
		{13B8221D-B059-4CEA-A4BE-B0F80577B69B}.Debug|Any CPU.Build.0 = Debug|Any CPU
		{13B8221D-B059-4CEA-A4BE-B0F80577B69B}.Release|Any CPU.ActiveCfg = Release|Any CPU
		{13B8221D-B059-4CEA-A4BE-B0F80577B69B}.Release|Any CPU.Build.0 = Release|Any CPU
	EndGlobalSection
	GlobalSection(SolutionProperties) = preSolution
		HideSolutionNode = FALSE
	EndGlobalSection
	GlobalSection(ExtensibilityGlobals) = postSolution
		SolutionGuid = {BB46DEA1-7B39-49CE-9EAF-0CBFD7704DF0}
	EndGlobalSection
EndGlobal
